
Microsoft Visual Studio Solution File, Format Version 12.00
# Visual Studio Version 17
VisualStudioVersion = 17.7.34221.43
MinimumVisualStudioVersion = 10.0.40219.1
Project("{FAE04EC0-301F-11D3-BF4B-00C04F79EFBC}") = "Tarea de curso #5", "Tarea de curso #5\Tarea de curso #5.csproj", "{83AEA8A8-043C-413C-87EE-57311D85551B}"
EndProject
Global
	GlobalSection(SolutionConfigurationPlatforms) = preSolution
		Debug|Any CPU = Debug|Any CPU
		Release|Any CPU = Release|Any CPU
	EndGlobalSection
	GlobalSection(ProjectConfigurationPlatforms) = postSolution
		{83AEA8A8-043C-413C-87EE-57311D85551B}.Debug|Any CPU.ActiveCfg = Debug|Any CPU
		{83AEA8A8-043C-413C-87EE-57311D85551B}.Debug|Any CPU.Build.0 = Debug|Any CPU
		{83AEA8A8-043C-413C-87EE-57311D85551B}.Release|Any CPU.ActiveCfg = Release|Any CPU
		{83AEA8A8-043C-413C-87EE-57311D85551B}.Release|Any CPU.Build.0 = Release|Any CPU
	EndGlobalSection
	GlobalSection(SolutionProperties) = preSolution
		HideSolutionNode = FALSE
	EndGlobalSection
	GlobalSection(ExtensibilityGlobals) = postSolution
		SolutionGuid = {A95E19B6-D97E-4D93-839C-F03FBC25BE7E}
	EndGlobalSection
EndGlobal
